<Solution>
  <Folder Name="/1 - Resilience/" />
  <Folder Name="/1 - Resilience/CircuitBreaker/">
    <Project Path="patterns/CircuitBreaker/src/CircuitBreaker.csproj" />
    <Project Path="patterns/CircuitBreaker/tests/CircuitBreaker.Tests.csproj" />
  </Folder>
  <Folder Name="/1 - Resilience/Retry/">
    <Project Path="patterns/Retry/src/Retry.csproj" />
    <Project Path="patterns/Retry/tests/Retry.Tests.csproj" />
  </Folder>
  <Folder Name="/1 - Resilience/Throttling/">
    <Project Path="patterns/Throttling/src/Throttling.csproj" />
    <Project Path="patterns/Throttling/tests/Throttling.Tests.csproj" />
  </Folder>
  <Folder Name="/2 - Messaging/" />
  <Folder Name="/3 - Data management/" />
  <Folder Name="/4 - Coordination/" />
  <Folder Name="/5 - Edge and gateway/" />
  <Folder Name="/6 - Deployment and topology/" />
</Solution>
