<Solution>
  <Folder Name="/1 - Resilience/" />
  <Folder Name="/1 - Resilience/Bulkhead/">
    <Project Path="patterns/Bulkhead/src/Bulkhead.csproj" />
    <Project Path="patterns/Bulkhead/tests/Bulkhead.Tests.csproj" />
  </Folder>
  <Folder Name="/1 - Resilience/CircuitBreaker/">
    <Project Path="patterns/CircuitBreaker/src/CircuitBreaker.csproj" />
    <Project Path="patterns/CircuitBreaker/tests/CircuitBreaker.Tests.csproj" />
  </Folder>
  <Folder Name="/1 - Resilience/HealthEndpointMonitoring/">
    <Project Path="patterns/HealthEndpointMonitoring/src/HealthEndpointMonitoring.csproj" />
    <Project Path="patterns/HealthEndpointMonitoring/tests/HealthEndpointMonitoring.Tests.csproj" />
  </Folder>
  <Folder Name="/1 - Resilience/RateLimiting/">
    <Project Path="patterns/RateLimiting/src/RateLimiting.csproj" />
    <Project Path="patterns/RateLimiting/tests/RateLimiting.Tests.csproj" />
  </Folder>
  <Folder Name="/1 - Resilience/Retry/">
    <Project Path="patterns/Retry/src/Retry.csproj" />
    <Project Path="patterns/Retry/tests/Retry.Tests.csproj" />
  </Folder>
  <Folder Name="/1 - Resilience/Throttling/">
    <Project Path="patterns/Throttling/src/Throttling.csproj" />
    <Project Path="patterns/Throttling/tests/Throttling.Tests.csproj" />
  </Folder>
  <Folder Name="/2 - Messaging/" />
  <Folder Name="/2 - Messaging/AsynchronousRequestReply/">
    <Project Path="patterns/AsynchronousRequestReply/src/AsynchronousRequestReply.csproj" />
    <Project Path="patterns/AsynchronousRequestReply/tests/AsynchronousRequestReply.Tests.csproj" />
  </Folder>
  <Folder Name="/2 - Messaging/ClaimCheck/">
    <Project Path="patterns/ClaimCheck/src/ClaimCheck.csproj" />
    <Project Path="patterns/ClaimCheck/tests/ClaimCheck.Tests.csproj" />
  </Folder>
  <Folder Name="/2 - Messaging/CompetingConsumers/">
    <Project Path="patterns/CompetingConsumers/src/CompetingConsumers.csproj" />
    <Project Path="patterns/CompetingConsumers/tests/CompetingConsumers.Tests.csproj" />
  </Folder>
  <Folder Name="/2 - Messaging/IdempotentConsumer/">
    <Project Path="patterns/IdempotentConsumer/src/IdempotentConsumer.csproj" />
    <Project Path="patterns/IdempotentConsumer/tests/IdempotentConsumer.Tests.csproj" />
  </Folder>
  <Folder Name="/2 - Messaging/MessagingBridge/">
    <Project Path="patterns/MessagingBridge/src/MessagingBridge.csproj" />
    <Project Path="patterns/MessagingBridge/tests/MessagingBridge.Tests.csproj" />
  </Folder>
  <Folder Name="/2 - Messaging/PriorityQueue/">
    <Project Path="patterns/PriorityQueue/src/PriorityQueue.csproj" />
    <Project Path="patterns/PriorityQueue/tests/PriorityQueue.Tests.csproj" />
  </Folder>
  <Folder Name="/2 - Messaging/PublisherSubscriber/">
    <Project Path="patterns/PublisherSubscriber/src/PublisherSubscriber.csproj" />
    <Project Path="patterns/PublisherSubscriber/tests/PublisherSubscriber.Tests.csproj" />
  </Folder>
  <Folder Name="/2 - Messaging/QueueBasedLoadLeveling/">
    <Project Path="patterns/QueueBasedLoadLeveling/src/QueueBasedLoadLeveling.csproj" />
    <Project Path="patterns/QueueBasedLoadLeveling/tests/QueueBasedLoadLeveling.Tests.csproj" />
  </Folder>
  <Folder Name="/2 - Messaging/SequentialConvoy/">
    <Project Path="patterns/SequentialConvoy/src/SequentialConvoy.csproj" />
    <Project Path="patterns/SequentialConvoy/tests/SequentialConvoy.Tests.csproj" />
  </Folder>
  <Folder Name="/3 - Data management/" />
  <Folder Name="/3 - Data management/CacheAside/">
    <Project Path="patterns/CacheAside/src/CacheAside.csproj" />
    <Project Path="patterns/CacheAside/tests/CacheAside.Tests.csproj" />
  </Folder>
  <Folder Name="/3 - Data management/CQRS/">
    <Project Path="patterns/CQRS/src/CQRS.csproj" />
    <Project Path="patterns/CQRS/tests/CQRS.Tests.csproj" />
  </Folder>
  <Folder Name="/3 - Data management/EventSourcing/">
    <Project Path="patterns/EventSourcing/src/EventSourcing.csproj" />
    <Project Path="patterns/EventSourcing/tests/EventSourcing.Tests.csproj" />
  </Folder>
  <Folder Name="/3 - Data management/IndexTable/">
    <Project Path="patterns/IndexTable/src/IndexTable.csproj" />
    <Project Path="patterns/IndexTable/tests/IndexTable.Tests.csproj" />
  </Folder>
  <Folder Name="/3 - Data management/MaterializedView/">
    <Project Path="patterns/MaterializedView/src/MaterializedView.csproj" />
    <Project Path="patterns/MaterializedView/tests/MaterializedView.Tests.csproj" />
  </Folder>
  <Folder Name="/3 - Data management/Sharding/">
    <Project Path="patterns/Sharding/src/Sharding.csproj" />
    <Project Path="patterns/Sharding/tests/Sharding.Tests.csproj" />
  </Folder>
  <Folder Name="/3 - Data management/StaticContentHosting/">
    <Project Path="patterns/StaticContentHosting/src/StaticContentHosting.csproj" />
    <Project Path="patterns/StaticContentHosting/tests/StaticContentHosting.Tests.csproj" />
  </Folder>
  <Folder Name="/3 - Data management/ValetKey/">
    <Project Path="patterns/ValetKey/src/ValetKey.csproj" />
    <Project Path="patterns/ValetKey/tests/ValetKey.Tests.csproj" />
  </Folder>
  <Folder Name="/4 - Coordination/" />
  <Folder Name="/4 - Coordination/Choreography/">
    <Project Path="patterns/Choreography/src/Choreography.csproj" />
    <Project Path="patterns/Choreography/tests/Choreography.Tests.csproj" />
  </Folder>
  <Folder Name="/4 - Coordination/CompensatingTransaction/">
    <Project Path="patterns/CompensatingTransaction/src/CompensatingTransaction.csproj" />
    <Project Path="patterns/CompensatingTransaction/tests/CompensatingTransaction.Tests.csproj" />
  </Folder>
  <Folder Name="/4 - Coordination/PipesAndFilters/">
    <Project Path="patterns/PipesAndFilters/src/PipesAndFilters.csproj" />
    <Project Path="patterns/PipesAndFilters/tests/PipesAndFilters.Tests.csproj" />
  </Folder>
  <Folder Name="/4 - Coordination/Saga/">
    <Project Path="patterns/Saga/src/Saga.csproj" />
    <Project Path="patterns/Saga/tests/Saga.Tests.csproj" />
  </Folder>
  <Folder Name="/4 - Coordination/LeaderElection/">
    <Project Path="patterns/LeaderElection/src/LeaderElection.csproj" />
    <Project Path="patterns/LeaderElection/tests/LeaderElection.Tests.csproj" />
  </Folder>
  <Folder Name="/4 - Coordination/SchedulerAgentSupervisor/">
    <Project Path="patterns/SchedulerAgentSupervisor/src/SchedulerAgentSupervisor.csproj" />
    <Project Path="patterns/SchedulerAgentSupervisor/tests/SchedulerAgentSupervisor.Tests.csproj" />
  </Folder>
  <Folder Name="/5 - Edge and gateway/" />
  <Folder Name="/5 - Edge and gateway/Ambassador/">
    <Project Path="patterns/Ambassador/src/Ambassador.csproj" />
    <Project Path="patterns/Ambassador/tests/Ambassador.Tests.csproj" />
  </Folder>
  <Folder Name="/5 - Edge and gateway/AntiCorruptionLayer/">
    <Project Path="patterns/AntiCorruptionLayer/src/AntiCorruptionLayer.csproj" />
    <Project Path="patterns/AntiCorruptionLayer/tests/AntiCorruptionLayer.Tests.csproj" />
  </Folder>
  <Folder Name="/5 - Edge and gateway/BackendsForFrontends/">
    <Project Path="patterns/BackendsForFrontends/src/BackendsForFrontends.csproj" />
    <Project Path="patterns/BackendsForFrontends/tests/BackendsForFrontends.Tests.csproj" />
  </Folder>
  <Folder Name="/5 - Edge and gateway/Gatekeeper/">
    <Project Path="patterns/Gatekeeper/src/Gatekeeper.csproj" />
    <Project Path="patterns/Gatekeeper/tests/Gatekeeper.Tests.csproj" />
  </Folder>
  <Folder Name="/5 - Edge and gateway/GatewayAggregation/">
    <Project Path="patterns/GatewayAggregation/src/GatewayAggregation.csproj" />
    <Project Path="patterns/GatewayAggregation/tests/GatewayAggregation.Tests.csproj" />
  </Folder>
  <Folder Name="/5 - Edge and gateway/GatewayOffloading/">
    <Project Path="patterns/GatewayOffloading/src/GatewayOffloading.csproj" />
    <Project Path="patterns/GatewayOffloading/tests/GatewayOffloading.Tests.csproj" />
  </Folder>
  <Folder Name="/5 - Edge and gateway/GatewayRouting/">
    <Project Path="patterns/GatewayRouting/src/GatewayRouting.csproj" />
    <Project Path="patterns/GatewayRouting/tests/GatewayRouting.Tests.csproj" />
  </Folder>
  <Folder Name="/5 - Edge and gateway/Sidecar/">
    <Project Path="patterns/Sidecar/src/Sidecar.csproj" />
    <Project Path="patterns/Sidecar/tests/Sidecar.Tests.csproj" />
  </Folder>
  <Folder Name="/5 - Edge and gateway/StranglerFig/">
    <Project Path="patterns/StranglerFig/src/StranglerFig.csproj" />
    <Project Path="patterns/StranglerFig/tests/StranglerFig.Tests.csproj" />
  </Folder>
  <Folder Name="/6 - Deployment and topology/" />
  <Folder Name="/6 - Deployment and topology/ExternalConfigurationStore/">
    <Project Path="patterns/ExternalConfigurationStore/src/ExternalConfigurationStore.csproj" />
    <Project Path="patterns/ExternalConfigurationStore/tests/ExternalConfigurationStore.Tests.csproj" />
  </Folder>
  <Folder Name="/6 - Deployment and topology/FederatedIdentity/">
    <Project Path="patterns/FederatedIdentity/src/FederatedIdentity.csproj" />
    <Project Path="patterns/FederatedIdentity/tests/FederatedIdentity.Tests.csproj" />
  </Folder>
  <Folder Name="/6 - Deployment and topology/Geode/">
    <Project Path="patterns/Geode/src/Geode.csproj" />
    <Project Path="patterns/Geode/tests/Geode.Tests.csproj" />
  </Folder>
  <Folder Name="/6 - Deployment and topology/ComputeResourceConsolidation/">
    <Project Path="patterns/ComputeResourceConsolidation/src/ComputeResourceConsolidation.csproj" />
    <Project Path="patterns/ComputeResourceConsolidation/tests/ComputeResourceConsolidation.Tests.csproj" />
  </Folder>
  <Folder Name="/6 - Deployment and topology/DeploymentStamps/">
    <Project Path="patterns/DeploymentStamps/src/DeploymentStamps.csproj" />
    <Project Path="patterns/DeploymentStamps/tests/DeploymentStamps.Tests.csproj" />
  </Folder>
</Solution>
