<Solution>
  <Folder Name="/1 - Resilience/" />
  <Folder Name="/1 - Resilience/Bulkhead/">
    <Project Path="patterns/Bulkhead/src/Bulkhead.csproj" />
    <Project Path="patterns/Bulkhead/tests/Bulkhead.Tests.csproj" />
  </Folder>
  <Folder Name="/1 - Resilience/CircuitBreaker/">
    <Project Path="patterns/CircuitBreaker/src/CircuitBreaker.csproj" />
    <Project Path="patterns/CircuitBreaker/tests/CircuitBreaker.Tests.csproj" />
  </Folder>
  <Folder Name="/1 - Resilience/HealthEndpointMonitoring/">
    <Project Path="patterns/HealthEndpointMonitoring/src/HealthEndpointMonitoring.csproj" />
    <Project Path="patterns/HealthEndpointMonitoring/tests/HealthEndpointMonitoring.Tests.csproj" />
  </Folder>
  <Folder Name="/1 - Resilience/RateLimiting/">
    <Project Path="patterns/RateLimiting/src/RateLimiting.csproj" />
    <Project Path="patterns/RateLimiting/tests/RateLimiting.Tests.csproj" />
  </Folder>
  <Folder Name="/1 - Resilience/Retry/">
    <Project Path="patterns/Retry/src/Retry.csproj" />
    <Project Path="patterns/Retry/tests/Retry.Tests.csproj" />
  </Folder>
  <Folder Name="/1 - Resilience/Throttling/">
    <Project Path="patterns/Throttling/src/Throttling.csproj" />
    <Project Path="patterns/Throttling/tests/Throttling.Tests.csproj" />
  </Folder>
  <Folder Name="/2 - Messaging/" />
  <Folder Name="/2 - Messaging/AsynchronousRequestReply/">
    <Project Path="patterns/AsynchronousRequestReply/src/AsynchronousRequestReply.csproj" />
    <Project Path="patterns/AsynchronousRequestReply/tests/AsynchronousRequestReply.Tests.csproj" />
  </Folder>
  <Folder Name="/2 - Messaging/ClaimCheck/">
    <Project Path="patterns/ClaimCheck/src/ClaimCheck.csproj" />
    <Project Path="patterns/ClaimCheck/tests/ClaimCheck.Tests.csproj" />
  </Folder>
  <Folder Name="/2 - Messaging/CompetingConsumers/">
    <Project Path="patterns/CompetingConsumers/src/CompetingConsumers.csproj" />
    <Project Path="patterns/CompetingConsumers/tests/CompetingConsumers.Tests.csproj" />
  </Folder>
  <Folder Name="/2 - Messaging/IdempotentConsumer/">
    <Project Path="patterns/IdempotentConsumer/src/IdempotentConsumer.csproj" />
    <Project Path="patterns/IdempotentConsumer/tests/IdempotentConsumer.Tests.csproj" />
  </Folder>
  <Folder Name="/2 - Messaging/MessagingBridge/">
    <Project Path="patterns/MessagingBridge/src/MessagingBridge.csproj" />
    <Project Path="patterns/MessagingBridge/tests/MessagingBridge.Tests.csproj" />
  </Folder>
  <Folder Name="/2 - Messaging/PriorityQueue/">
    <Project Path="patterns/PriorityQueue/src/PriorityQueue.csproj" />
    <Project Path="patterns/PriorityQueue/tests/PriorityQueue.Tests.csproj" />
  </Folder>
  <Folder Name="/2 - Messaging/PublisherSubscriber/">
    <Project Path="patterns/PublisherSubscriber/src/PublisherSubscriber.csproj" />
    <Project Path="patterns/PublisherSubscriber/tests/PublisherSubscriber.Tests.csproj" />
  </Folder>
  <Folder Name="/2 - Messaging/QueueBasedLoadLeveling/">
    <Project Path="patterns/QueueBasedLoadLeveling/src/QueueBasedLoadLeveling.csproj" />
    <Project Path="patterns/QueueBasedLoadLeveling/tests/QueueBasedLoadLeveling.Tests.csproj" />
  </Folder>
  <Folder Name="/2 - Messaging/SequentialConvoy/">
    <Project Path="patterns/SequentialConvoy/src/SequentialConvoy.csproj" />
    <Project Path="patterns/SequentialConvoy/tests/SequentialConvoy.Tests.csproj" />
  </Folder>
  <Folder Name="/3 - Data management/" />
  <Folder Name="/3 - Data management/CacheAside/">
    <Project Path="patterns/CacheAside/src/CacheAside.csproj" />
    <Project Path="patterns/CacheAside/tests/CacheAside.Tests.csproj" />
  </Folder>
  <Folder Name="/3 - Data management/IndexTable/">
    <Project Path="patterns/IndexTable/src/IndexTable.csproj" />
    <Project Path="patterns/IndexTable/tests/IndexTable.Tests.csproj" />
  </Folder>
  <Folder Name="/3 - Data management/MaterializedView/">
    <Project Path="patterns/MaterializedView/src/MaterializedView.csproj" />
    <Project Path="patterns/MaterializedView/tests/MaterializedView.Tests.csproj" />
  </Folder>
  <Folder Name="/4 - Coordination/" />
  <Folder Name="/5 - Edge and gateway/" />
  <Folder Name="/6 - Deployment and topology/" />
</Solution>
